
Microsoft Visual Studio Solution File, Format Version 12.00
# Visual Studio 15
VisualStudioVersion = 15.0.28307.271
MinimumVisualStudioVersion = 10.0.40219.1
Project("{FAE04EC0-301F-11D3-BF4B-00C04F79EFBC}") = "uzd1", "uzd1\uzd1.csproj", "{8437EF00-94E1-4736-9B26-29C635401E31}"
EndProject
Project("{FAE04EC0-301F-11D3-BF4B-00C04F79EFBC}") = "UnitTestProject", "UnitTestProject\UnitTestProject.csproj", "{ADC34AD4-7AFD-41C3-9BED-C3496C780E25}"
EndProject
Global
	GlobalSection(SolutionConfigurationPlatforms) = preSolution
		Debug|Any CPU = Debug|Any CPU
		Release|Any CPU = Release|Any CPU
	EndGlobalSection
	GlobalSection(ProjectConfigurationPlatforms) = postSolution
		{8437EF00-94E1-4736-9B26-29C635401E31}.Debug|Any CPU.ActiveCfg = Debug|Any CPU
		{8437EF00-94E1-4736-9B26-29C635401E31}.Debug|Any CPU.Build.0 = Debug|Any CPU
		{8437EF00-94E1-4736-9B26-29C635401E31}.Release|Any CPU.ActiveCfg = Release|Any CPU
		{8437EF00-94E1-4736-9B26-29C635401E31}.Release|Any CPU.Build.0 = Release|Any CPU
		{ADC34AD4-7AFD-41C3-9BED-C3496C780E25}.Debug|Any CPU.ActiveCfg = Debug|Any CPU
		{ADC34AD4-7AFD-41C3-9BED-C3496C780E25}.Debug|Any CPU.Build.0 = Debug|Any CPU
		{ADC34AD4-7AFD-41C3-9BED-C3496C780E25}.Release|Any CPU.ActiveCfg = Release|Any CPU
		{ADC34AD4-7AFD-41C3-9BED-C3496C780E25}.Release|Any CPU.Build.0 = Release|Any CPU
	EndGlobalSection
	GlobalSection(SolutionProperties) = preSolution
		HideSolutionNode = FALSE
	EndGlobalSection
	GlobalSection(ExtensibilityGlobals) = postSolution
		SolutionGuid = {603F5009-399C-417C-A538-F5295FF41497}
	EndGlobalSection
EndGlobal
